{
  "requires": true,
  "lockfileVersion": 1,
  "dependencies": {
    "axios": {
      "version": "0.21.1",
      "resolved": "https://registry.nlark.com/axios/download/axios-0.21.1.tgz",
      "integrity": "sha1-IlY0gZYvTWvemnbVFu8OXTwJsrg=",
      "requires": {
        "follow-redirects": "^1.10.0"
      }
    },
    "chart.js": {
      "version": "3.4.1",
      "resolved": "https://registry.nlark.com/chart.js/download/chart.js-3.4.1.tgz",
      "integrity": "sha1-/zsrKgSje4Nhi0pjmaX4fMwPHoo="
    },
    "follow-redirects": {
      "version": "1.14.1",
      "resolved": "https://registry.nlark.com/follow-redirects/download/follow-redirects-1.14.1.tgz",
      "integrity": "sha1-2RFN7Qoc/dM04WTmZirQK/2R/0M="
    },
    "lodash": {
      "version": "4.17.21",
      "resolved": "https://registry.npm.taobao.org/lodash/download/lodash-4.17.21.tgz",
      "integrity": "sha1-Z5WRxWTDv/quhFTPCz3zcMPWkRw="
    },
    "react-chartjs-2": {
      "version": "3.0.4",
      "resolved": "https://registry.nlark.com/react-chartjs-2/download/react-chartjs-2-3.0.4.tgz",
      "integrity": "sha1-iOFMa01XeUHHNvBlewccgnORZlI=",
      "requires": {
        "lodash": "^4.17.19"
      }
    }
  }
}
